Microsoft Visual Studio Solution File, Format Version 12.00
Project("{FAE04EC0-301F-11D3-BF4B-00C04F79EFBC}") = "Ares.API", "Ares.API\Ares.API.csproj", "{BCFBBA7C-08E0-4ECE-B598-0257BC1E2689}"
EndProject
Project("{FAE04EC0-301F-11D3-BF4B-00C04F79EFBC}") = "Ares.Queue", "Ares.Queue\Ares.Queue.csproj", "{ED75EC1D-FB3E-4BB0-A9D9-2E5F30EFB0D4}"
EndProject
Project("{FAE04EC0-301F-11D3-BF4B-00C04F79EFBC}") = "Ares.App", "Ares.App\Ares.App.csproj", "{0F669662-9D3B-4414-850A-487B265CA8FE}"
EndProject
Project("{FAE04EC0-301F-11D3-BF4B-00C04F79EFBC}") = "Ares.Model", "Ares.Model\Ares.Model.csproj", "{821FE46B-BA5E-4ED2-8EFE-7BE9547C32D5}"
EndProject
Project("{FAE04EC0-301F-11D3-BF4B-00C04F79EFBC}") = "Ares.Common", "Ares.Common\Ares.Common.csproj", "{C4C4B671-1F02-4FE5-B122-0D345C8A9946}"
EndProject
Global
	GlobalSection(SolutionConfigurationPlatforms) = preSolution
		Debug|Any CPU = Debug|Any CPU
		Release|Any CPU = Release|Any CPU
	EndGlobalSection
	GlobalSection(ProjectConfigurationPlatforms) = postSolution
		{BCFBBA7C-08E0-4ECE-B598-0257BC1E2689}.Debug|Any CPU.ActiveCfg = Debug|Any CPU
		{BCFBBA7C-08E0-4ECE-B598-0257BC1E2689}.Debug|Any CPU.Build.0 = Debug|Any CPU
		{BCFBBA7C-08E0-4ECE-B598-0257BC1E2689}.Release|Any CPU.ActiveCfg = Release|Any CPU
		{BCFBBA7C-08E0-4ECE-B598-0257BC1E2689}.Release|Any CPU.Build.0 = Release|Any CPU
		{ED75EC1D-FB3E-4BB0-A9D9-2E5F30EFB0D4}.Debug|Any CPU.ActiveCfg = Debug|Any CPU
		{ED75EC1D-FB3E-4BB0-A9D9-2E5F30EFB0D4}.Debug|Any CPU.Build.0 = Debug|Any CPU
		{ED75EC1D-FB3E-4BB0-A9D9-2E5F30EFB0D4}.Release|Any CPU.ActiveCfg = Release|Any CPU
		{ED75EC1D-FB3E-4BB0-A9D9-2E5F30EFB0D4}.Release|Any CPU.Build.0 = Release|Any CPU
		{0F669662-9D3B-4414-850A-487B265CA8FE}.Debug|Any CPU.ActiveCfg = Debug|Any CPU
		{0F669662-9D3B-4414-850A-487B265CA8FE}.Debug|Any CPU.Build.0 = Debug|Any CPU
		{0F669662-9D3B-4414-850A-487B265CA8FE}.Release|Any CPU.ActiveCfg = Release|Any CPU
		{0F669662-9D3B-4414-850A-487B265CA8FE}.Release|Any CPU.Build.0 = Release|Any CPU
		{821FE46B-BA5E-4ED2-8EFE-7BE9547C32D5}.Debug|Any CPU.ActiveCfg = Debug|Any CPU
		{821FE46B-BA5E-4ED2-8EFE-7BE9547C32D5}.Debug|Any CPU.Build.0 = Debug|Any CPU
		{821FE46B-BA5E-4ED2-8EFE-7BE9547C32D5}.Release|Any CPU.ActiveCfg = Release|Any CPU
		{821FE46B-BA5E-4ED2-8EFE-7BE9547C32D5}.Release|Any CPU.Build.0 = Release|Any CPU
		{C4C4B671-1F02-4FE5-B122-0D345C8A9946}.Debug|Any CPU.ActiveCfg = Debug|Any CPU
		{C4C4B671-1F02-4FE5-B122-0D345C8A9946}.Debug|Any CPU.Build.0 = Debug|Any CPU
		{C4C4B671-1F02-4FE5-B122-0D345C8A9946}.Release|Any CPU.ActiveCfg = Release|Any CPU
		{C4C4B671-1F02-4FE5-B122-0D345C8A9946}.Release|Any CPU.Build.0 = Release|Any CPU
	EndGlobalSection
EndGlobal
